
Microsoft Visual Studio Solution File, Format Version 12.00
# Visual Studio 14
VisualStudioVersion = 14.0.25420.1
MinimumVisualStudioVersion = 10.0.40219.1
Project("{FAE04EC0-301F-11D3-BF4B-00C04F79EFBC}") = "TUCHX1621UI", "TUCHX1621UI\TUCHX1621UI.csproj", "{97A886F0-5268-4A6C-BE58-FA1BA810F84F}"
EndProject
Project("{FAE04EC0-301F-11D3-BF4B-00C04F79EFBC}") = "TUCHX1621UI.Model", "TUCHX1621UI.Model\TUCHX1621UI.Model.csproj", "{6F3C13A5-2050-4597-A06F-4D7A93AB4ADE}"
EndProject
Global
	GlobalSection(SolutionConfigurationPlatforms) = preSolution
		Debug|Any CPU = Debug|Any CPU
		Release|Any CPU = Release|Any CPU
	EndGlobalSection
	GlobalSection(ProjectConfigurationPlatforms) = postSolution
		{97A886F0-5268-4A6C-BE58-FA1BA810F84F}.Debug|Any CPU.ActiveCfg = Debug|Any CPU
		{97A886F0-5268-4A6C-BE58-FA1BA810F84F}.Debug|Any CPU.Build.0 = Debug|Any CPU
		{97A886F0-5268-4A6C-BE58-FA1BA810F84F}.Release|Any CPU.ActiveCfg = Release|Any CPU
		{97A886F0-5268-4A6C-BE58-FA1BA810F84F}.Release|Any CPU.Build.0 = Release|Any CPU
		{6F3C13A5-2050-4597-A06F-4D7A93AB4ADE}.Debug|Any CPU.ActiveCfg = Debug|Any CPU
		{6F3C13A5-2050-4597-A06F-4D7A93AB4ADE}.Debug|Any CPU.Build.0 = Debug|Any CPU
		{6F3C13A5-2050-4597-A06F-4D7A93AB4ADE}.Release|Any CPU.ActiveCfg = Release|Any CPU
		{6F3C13A5-2050-4597-A06F-4D7A93AB4ADE}.Release|Any CPU.Build.0 = Release|Any CPU
	EndGlobalSection
	GlobalSection(SolutionProperties) = preSolution
		HideSolutionNode = FALSE
	EndGlobalSection
EndGlobal
